{
  "name": "@raghavgpt001/medium-common",
  "version": "1.0.2",
  "lockfileVersion": 3,
  "requires": true,
  "packages": {
    "": {
      "name": "@raghavgpt001/medium-common",
      "version": "1.0.2",
      "license": "ISC",
      "dependencies": {
        "@raghavgpt001/medium-common": "^1.0.2",
        "zod": "^3.22.4"
      }
    },
    "node_modules/@raghavgpt001/medium-common": {
      "version": "1.0.2",
      "resolved": "https://registry.npmjs.org/@raghavgpt001/medium-common/-/medium-common-1.0.2.tgz",
      "integrity": "sha512-TpGyiuLl/CBIYB1q2ooUaQVfQ00KFaSNx/i9KPHhgteGhzOrJU5cWYed9ANtFG034chRNCDYbH3ynmmkQJqY2w==",
      "dependencies": {
        "zod": "^3.22.4"
      }
    },
    "node_modules/zod": {
      "version": "3.22.4",
      "resolved": "https://registry.npmjs.org/zod/-/zod-3.22.4.tgz",
      "integrity": "sha512-iC+8Io04lddc+mVqQ9AZ7OQ2MrUKGN+oIQyq1vemgt46jwCwLfhq7/pwnBnNXXXZb8VTVLKwp9EDkx+ryxIWmg==",
      "funding": {
        "url": "https://github.com/sponsors/colinhacks"
      }
    }
  }
}
